lockfileVersion: '9.0'

settings:
  autoInstallPeers: true
  excludeLinksFromLockfile: false

importers:

  .:
    dependencies:
      oxlint:
        specifier: 1.33.0
        version: 1.33.0

packages:

  '@oxlint/darwin-arm64@1.33.0':
    resolution: {integrity: sha512-PmEQDLHAxiAdyttQ1ZWXd+5VpHLbHf3FTMJL9bg5TZamDnhNiW/v0Pamv3MTAdymnoDI3H8IVLAN/SAseV/adw==}
    cpu: [arm64]
    os: [darwin]

  '@oxlint/darwin-x64@1.33.0':
    resolution: {integrity: sha512-2R9aH3kR0X2M30z5agGikv3tfNTi8/uLhU5/tYktu33VGUXpbf0OLZSlD25UEuwOKAlf3RVtzV5oDyjoq93JuQ==}
    cpu: [x64]
    os: [darwin]

  '@oxlint/linux-arm64-gnu@1.33.0':
    resolution: {integrity: sha512-yb/k8GaMDgnX2LyO6km33kKItZ/n573SlbiHBBFU2HmeU7tzEHL5jHkHQXXcysUkapmqHd7UsDhOZDqPmXaQRg==}
    cpu: [arm64]
    os: [linux]
    libc: [glibc]

  '@oxlint/linux-arm64-musl@1.33.0':
    resolution: {integrity: sha512-03pt9IO1C4ZfVOW6SQiOK26mzklAhLM3Kc79OXpX1kgZRlxk+rvFoMhlgCOzn7tEdrEgbePkBoxNnwDnJDFqJQ==}
    cpu: [arm64]
    os: [linux]
    libc: [musl]

  '@oxlint/linux-x64-gnu@1.33.0':
    resolution: {integrity: sha512-Z7ImLWM50FoVXzYvyxUQ+QwBkBfRyK4YdLEGonyAGMp7iT3DksonDaTK9ODnJ1qHyAyAZCvuqXD7AEDsDvzDbA==}
    cpu: [x64]
    os: [linux]
    libc: [glibc]

  '@oxlint/linux-x64-musl@1.33.0':
    resolution: {integrity: sha512-idb55Uzu5kkqqpMiVUfI9nP7zOqPZinQKsIRQAIU40wILcf/ijvhNZKIu3ucDMmye0n6IWOaSnxIRL5W2fNoUQ==}
    cpu: [x64]
    os: [linux]
    libc: [musl]

  '@oxlint/win32-arm64@1.33.0':
    resolution: {integrity: sha512-wKKFt7cubfrLelNzdmDsNSmtBrlSUe1fWus587+uSxDZdpFbQ7liU0gsUlCbcHvym0H1Tc2O3K3cnLrgQORLPQ==}
    cpu: [arm64]
    os: [win32]

  '@oxlint/win32-x64@1.33.0':
    resolution: {integrity: sha512-ReyR8rNHjKNnO7dxGny9RCPELRAdhm3y780FNBcA07E1wvxSCkB+Mn5db0Pa5bRmxrsU/MTZ/aaBFa+ERXDdXw==}
    cpu: [x64]
    os: [win32]

  oxlint@1.33.0:
    resolution: {integrity: sha512-4WCL0K8jiOshwJ8WrVk35VAuVaZHC0iX6asjKsrENOrynkAAGcTLLx0Urf0eXZ1Tq7r+qAe3Z9EyHMFPzVyUkg==}
    engines: {node: ^20.19.0 || >=22.12.0}
    hasBin: true
    peerDependencies:
      oxlint-tsgolint: '>=0.9.0'
    peerDependenciesMeta:
      oxlint-tsgolint:
        optional: true

snapshots:

  '@oxlint/darwin-arm64@1.33.0':
    optional: true

  '@oxlint/darwin-x64@1.33.0':
    optional: true

  '@oxlint/linux-arm64-gnu@1.33.0':
    optional: true

  '@oxlint/linux-arm64-musl@1.33.0':
    optional: true

  '@oxlint/linux-x64-gnu@1.33.0':
    optional: true

  '@oxlint/linux-x64-musl@1.33.0':
    optional: true

  '@oxlint/win32-arm64@1.33.0':
    optional: true

  '@oxlint/win32-x64@1.33.0':
    optional: true

  oxlint@1.33.0:
    optionalDependencies:
      '@oxlint/darwin-arm64': 1.33.0
      '@oxlint/darwin-x64': 1.33.0
      '@oxlint/linux-arm64-gnu': 1.33.0
      '@oxlint/linux-arm64-musl': 1.33.0
      '@oxlint/linux-x64-gnu': 1.33.0
      '@oxlint/linux-x64-musl': 1.33.0
      '@oxlint/win32-arm64': 1.33.0
      '@oxlint/win32-x64': 1.33.0
